
Microsoft Visual Studio Solution File, Format Version 12.00
# Visual Studio 15
VisualStudioVersion = 15.0.28010.2041
MinimumVisualStudioVersion = 10.0.40219.1
Project("{FAE04EC0-301F-11D3-BF4B-00C04F79EFBC}") = "ComputerGraphics", "ComputerGraphics\ComputerGraphics.csproj", "{9C1173F3-6FEC-4A39-BFD5-3FEF2B63909C}"
EndProject
Project("{9A19103F-16F7-4668-BE54-9A1E7A4F7556}") = "ComputerGraphics.Tests.Unit", "ComputerGraphics.Tests.Unit\ComputerGraphics.Tests.Unit.csproj", "{3966D327-1686-4DBE-B0C6-1D7DF7E963FF}"
EndProject
Global
	GlobalSection(SolutionConfigurationPlatforms) = preSolution
		Debug|Any CPU = Debug|Any CPU
		Release|Any CPU = Release|Any CPU
	EndGlobalSection
	GlobalSection(ProjectConfigurationPlatforms) = postSolution
		{9C1173F3-6FEC-4A39-BFD5-3FEF2B63909C}.Debug|Any CPU.ActiveCfg = Debug|Any CPU
		{9C1173F3-6FEC-4A39-BFD5-3FEF2B63909C}.Debug|Any CPU.Build.0 = Debug|Any CPU
		{9C1173F3-6FEC-4A39-BFD5-3FEF2B63909C}.Release|Any CPU.ActiveCfg = Release|Any CPU
		{9C1173F3-6FEC-4A39-BFD5-3FEF2B63909C}.Release|Any CPU.Build.0 = Release|Any CPU
		{3966D327-1686-4DBE-B0C6-1D7DF7E963FF}.Debug|Any CPU.ActiveCfg = Debug|Any CPU
		{3966D327-1686-4DBE-B0C6-1D7DF7E963FF}.Debug|Any CPU.Build.0 = Debug|Any CPU
		{3966D327-1686-4DBE-B0C6-1D7DF7E963FF}.Release|Any CPU.ActiveCfg = Release|Any CPU
		{3966D327-1686-4DBE-B0C6-1D7DF7E963FF}.Release|Any CPU.Build.0 = Release|Any CPU
	EndGlobalSection
	GlobalSection(SolutionProperties) = preSolution
		HideSolutionNode = FALSE
	EndGlobalSection
	GlobalSection(ExtensibilityGlobals) = postSolution
		SolutionGuid = {32A3AAE4-2DF3-4F40-941C-ABB281A44F98}
	EndGlobalSection
EndGlobal
